
Microsoft Visual Studio Solution File, Format Version 12.00
# Visual Studio Version 17
VisualStudioVersion = 17.7.34018.315
MinimumVisualStudioVersion = 10.0.40219.1
Project("{8BC9CEB8-8B4A-11D0-8D11-00A0C91BC942}") = "Loading animation in C++ language", "Loading animation in C++ language.vcxproj", "{52F61FE2-8099-4BA7-BDCE-35AAFA1B014D}"
EndProject
Project("{8BC9CEB8-8B4A-11D0-8D11-00A0C91BC942}") = "Animation", "..\Animation\Animation.vcxproj", "{AFAB2394-154A-4E4E-B5EE-D4C95037B560}"
EndProject
Global
	GlobalSection(SolutionConfigurationPlatforms) = preSolution
		Debug|x64 = Debug|x64
		Debug|x86 = Debug|x86
		Release|x64 = Release|x64
		Release|x86 = Release|x86
	EndGlobalSection
	GlobalSection(ProjectConfigurationPlatforms) = postSolution
		{52F61FE2-8099-4BA7-BDCE-35AAFA1B014D}.Debug|x64.ActiveCfg = Debug|x64
		{52F61FE2-8099-4BA7-BDCE-35AAFA1B014D}.Debug|x64.Build.0 = Debug|x64
		{52F61FE2-8099-4BA7-BDCE-35AAFA1B014D}.Debug|x86.ActiveCfg = Debug|Win32
		{52F61FE2-8099-4BA7-BDCE-35AAFA1B014D}.Debug|x86.Build.0 = Debug|Win32
		{52F61FE2-8099-4BA7-BDCE-35AAFA1B014D}.Release|x64.ActiveCfg = Release|x64
		{52F61FE2-8099-4BA7-BDCE-35AAFA1B014D}.Release|x64.Build.0 = Release|x64
		{52F61FE2-8099-4BA7-BDCE-35AAFA1B014D}.Release|x86.ActiveCfg = Release|Win32
		{52F61FE2-8099-4BA7-BDCE-35AAFA1B014D}.Release|x86.Build.0 = Release|Win32
		{AFAB2394-154A-4E4E-B5EE-D4C95037B560}.Debug|x64.ActiveCfg = Debug|x64
		{AFAB2394-154A-4E4E-B5EE-D4C95037B560}.Debug|x64.Build.0 = Debug|x64
		{AFAB2394-154A-4E4E-B5EE-D4C95037B560}.Debug|x86.ActiveCfg = Debug|Win32
		{AFAB2394-154A-4E4E-B5EE-D4C95037B560}.Debug|x86.Build.0 = Debug|Win32
		{AFAB2394-154A-4E4E-B5EE-D4C95037B560}.Release|x64.ActiveCfg = Release|x64
		{AFAB2394-154A-4E4E-B5EE-D4C95037B560}.Release|x64.Build.0 = Release|x64
		{AFAB2394-154A-4E4E-B5EE-D4C95037B560}.Release|x86.ActiveCfg = Release|Win32
		{AFAB2394-154A-4E4E-B5EE-D4C95037B560}.Release|x86.Build.0 = Release|Win32
	EndGlobalSection
	GlobalSection(SolutionProperties) = preSolution
		HideSolutionNode = FALSE
	EndGlobalSection
	GlobalSection(ExtensibilityGlobals) = postSolution
		SolutionGuid = {717D7205-49F1-4A1B-8A01-3FDD34C594B6}
	EndGlobalSection
EndGlobal
